// !$*UTF8*$!
{
	archiveVersion = 1;
	classes = {
	};
	objectVersion = 77;
	objects = {

/* Begin PBXBuildFile section */
		D895AAD530493FAF00298F72 /* DevToolsView.swift in Sources */ = {isa = PBXBuildFile; fileRef = D895AAD430493FAF00298F72 /* DevToolsView.swift */; };
		D895AAD730493FD600298F72 /* SnapshotsView.swift in Sources */ = {isa = PBXBuildFile; fileRef = D895AAD630493FD600298F72 /* SnapshotsView.swift */; };
		D895AAD93049400700298F72 /* BrowserExtensionsView.swift in Sources */ = {isa = PBXBuildFile; fileRef = D895AAD83049400700298F72 /* BrowserExtensionsView.swift */; };
		D8D2EF053048BF7200D45A1B /* OldFilesView.swift in Sources */ = {isa = PBXBuildFile; fileRef = D8D2EF043048BF7200D45A1B /* OldFilesView.swift */; };
		D8D2EF073048BFA000D45A1B /* SystemInfoView.swift in Sources */ = {isa = PBXBuildFile; fileRef = D8D2EF063048BFA000D45A1B /* SystemInfoView.swift */; };
		D8F115263049C93D00E267DE /* IOSBackupsView.swift in Sources */ = {isa = PBXBuildFile; fileRef = D8F115253049C93D00E267DE /* IOSBackupsView.swift */; };
		D8F115283049C96A00E267DE /* LaunchAgentsView.swift in Sources */ = {isa = PBXBuildFile; fileRef = D8F115273049C96A00E267DE /* LaunchAgentsView.swift */; };
		D8F1152A3049C99700E267DE /* DiskMapView.swift in Sources */ = {isa = PBXBuildFile; fileRef = D8F115293049C99700E267DE /* DiskMapView.swift */; };
		D8F1152C3049E10100E267DE /* BatteryView.swift in Sources */ = {isa = PBXBuildFile; fileRef = D8F1152B3049E10100E267DE /* BatteryView.swift */; };
		D8F1152E3049E15500E267DE /* AppUpdaterView.swift in Sources */ = {isa = PBXBuildFile; fileRef = D8F1152D3049E15500E267DE /* AppUpdaterView.swift */; };
		D8F115303049E18000E267DE /* ScheduledCleaningView.swift in Sources */ = {isa = PBXBuildFile; fileRef = D8F1152F3049E18000E267DE /* ScheduledCleaningView.swift */; };
		D8F115323049EAC000E267DE /* MalwareScannerView.swift in Sources */ = {isa = PBXBuildFile; fileRef = D8F115313049EAC000E267DE /* MalwareScannerView.swift */; };
/* End PBXBuildFile section */

/* Begin PBXFileReference section */
		D895AAD430493FAF00298F72 /* DevToolsView.swift */ = {isa = PBXFileReference; lastKnownFileType = sourcecode.swift; path = DevToolsView.swift; sourceTree = "<group>"; };
		D895AAD630493FD600298F72 /* SnapshotsView.swift */ = {isa = PBXFileReference; lastKnownFileType = sourcecode.swift; path = SnapshotsView.swift; sourceTree = "<group>"; };
		D895AAD83049400700298F72 /* BrowserExtensionsView.swift */ = {isa = PBXFileReference; lastKnownFileType = sourcecode.swift; path = BrowserExtensionsView.swift; sourceTree = "<group>"; };
		D8D27935304816AC00C614AE /* MisiClean.app */ = {isa = PBXFileReference; explicitFileType = wrapper.application; includeInIndex = 0; path = MisiClean.app; sourceTree = BUILT_PRODUCTS_DIR; };
		D8D2EF043048BF7200D45A1B /* OldFilesView.swift */ = {isa = PBXFileReference; lastKnownFileType = sourcecode.swift; path = OldFilesView.swift; sourceTree = "<group>"; };
		D8D2EF063048BFA000D45A1B /* SystemInfoView.swift */ = {isa = PBXFileReference; lastKnownFileType = sourcecode.swift; path = SystemInfoView.swift; sourceTree = "<group>"; };
		D8F115253049C93D00E267DE /* IOSBackupsView.swift */ = {isa = PBXFileReference; lastKnownFileType = sourcecode.swift; path = IOSBackupsView.swift; sourceTree = "<group>"; };
		D8F115273049C96A00E267DE /* LaunchAgentsView.swift */ = {isa = PBXFileReference; lastKnownFileType = sourcecode.swift; path = LaunchAgentsView.swift; sourceTree = "<group>"; };
		D8F115293049C99700E267DE /* DiskMapView.swift */ = {isa = PBXFileReference; lastKnownFileType = sourcecode.swift; path = DiskMapView.swift; sourceTree = "<group>"; };
		D8F1152B3049E10100E267DE /* BatteryView.swift */ = {isa = PBXFileReference; lastKnownFileType = sourcecode.swift; path = BatteryView.swift; sourceTree = "<group>"; };
		D8F1152D3049E15500E267DE /* AppUpdaterView.swift */ = {isa = PBXFileReference; lastKnownFileType = sourcecode.swift; path = AppUpdaterView.swift; sourceTree = "<group>"; };
		D8F1152F3049E18000E267DE /* ScheduledCleaningView.swift */ = {isa = PBXFileReference; lastKnownFileType = sourcecode.swift; path = ScheduledCleaningView.swift; sourceTree = "<group>"; };
		D8F115313049EAC000E267DE /* MalwareScannerView.swift */ = {isa = PBXFileReference; lastKnownFileType = sourcecode.swift; path = MalwareScannerView.swift; sourceTree = "<group>"; };
/* End PBXFileReference section */

/* Begin PBXFileSystemSynchronizedRootGroup section */
		D8D27937304816AC00C614AE /* MisiClean */ = {
			isa = PBXFileSystemSynchronizedRootGroup;
			path = MisiClean;
			sourceTree = "<group>";
		};
/* End PBXFileSystemSynchronizedRootGroup section */

/* Begin PBXFrameworksBuildPhase section */
		D8D27932304816AC00C614AE /* Frameworks */ = {
			isa = PBXFrameworksBuildPhase;
			buildActionMask = 2147483647;
			files = (
			);
			runOnlyForDeploymentPostprocessing = 0;
		};
/* End PBXFrameworksBuildPhase section */

/* Begin PBXGroup section */
		D8D2792C304816AC00C614AE = {
			isa = PBXGroup;
			children = (
				D8D27937304816AC00C614AE /* MisiClean */,
				D8D27936304816AC00C614AE /* Products */,
				D8D2EF043048BF7200D45A1B /* OldFilesView.swift */,
				D8D2EF063048BFA000D45A1B /* SystemInfoView.swift */,
				D895AAD430493FAF00298F72 /* DevToolsView.swift */,
				D895AAD630493FD600298F72 /* SnapshotsView.swift */,
				D895AAD83049400700298F72 /* BrowserExtensionsView.swift */,
				D8F115253049C93D00E267DE /* IOSBackupsView.swift */,
				D8F115273049C96A00E267DE /* LaunchAgentsView.swift */,
				D8F115293049C99700E267DE /* DiskMapView.swift */,
				D8F1152B3049E10100E267DE /* BatteryView.swift */,
				D8F1152D3049E15500E267DE /* AppUpdaterView.swift */,
				D8F1152F3049E18000E267DE /* ScheduledCleaningView.swift */,
				D8F115313049EAC000E267DE /* MalwareScannerView.swift */,
			);
			sourceTree = "<group>";
		};
		D8D27936304816AC00C614AE /* Products */ = {
			isa = PBXGroup;
			children = (
				D8D27935304816AC00C614AE /* MisiClean.app */,
			);
			name = Products;
			sourceTree = "<group>";
		};
/* End PBXGroup section */

/* Begin PBXNativeTarget section */
		D8D27934304816AC00C614AE /* MisiClean */ = {
			isa = PBXNativeTarget;
			buildConfigurationList = D8D27940304816AC00C614AE /* Build configuration list for PBXNativeTarget "MisiClean" */;
			buildPhases = (
				D8D27931304816AC00C614AE /* Sources */,
				D8D27932304816AC00C614AE /* Frameworks */,
				D8D27933304816AC00C614AE /* Resources */,
			);
			buildRules = (
			);
			dependencies = (
			);
			fileSystemSynchronizedGroups = (
				D8D27937304816AC00C614AE /* MisiClean */,
			);
			name = MisiClean;
			packageProductDependencies = (
			);
			productName = MisiClean;
			productReference = D8D27935304816AC00C614AE /* MisiClean.app */;
			productType = "com.apple.product-type.application";
		};
/* End PBXNativeTarget section */

/* Begin PBXProject section */
		D8D2792D304816AC00C614AE /* Project object */ = {
			isa = PBXProject;
			attributes = {
				BuildIndependentTargetsInParallel = 1;
				LastSwiftUpdateCheck = 2660;
				LastUpgradeCheck = 2660;
				TargetAttributes = {
					D8D27934304816AC00C614AE = {
						CreatedOnToolsVersion = 26.6;
					};
				};
			};
			buildConfigurationList = D8D27930304816AC00C614AE /* Build configuration list for PBXProject "MisiClean" */;
			developmentRegion = fr;
			hasScannedForEncodings = 0;
			knownRegions = (
				en,
				Base,
				fr,
				de,
				ja,
				"zh-HK",
			);
			mainGroup = D8D2792C304816AC00C614AE;
			minimizedProjectReferenceProxies = 1;
			preferredProjectObjectVersion = 77;
			productRefGroup = D8D27936304816AC00C614AE /* Products */;
			projectDirPath = "";
			projectRoot = "";
			targets = (
				D8D27934304816AC00C614AE /* MisiClean */,
			);
		};
/* End PBXProject section */

/* Begin PBXResourcesBuildPhase section */
		D8D27933304816AC00C614AE /* Resources */ = {
			isa = PBXResourcesBuildPhase;
			buildActionMask = 2147483647;
			files = (
			);
			runOnlyForDeploymentPostprocessing = 0;
		};
/* End PBXResourcesBuildPhase section */

/* Begin PBXSourcesBuildPhase section */
		D8D27931304816AC00C614AE /* Sources */ = {
			isa = PBXSourcesBuildPhase;
			buildActionMask = 2147483647;
			files = (
				D895AAD530493FAF00298F72 /* DevToolsView.swift in Sources */,
				D8D2EF073048BFA000D45A1B /* SystemInfoView.swift in Sources */,
				D8F115303049E18000E267DE /* ScheduledCleaningView.swift in Sources */,
				D8F1152A3049C99700E267DE /* DiskMapView.swift in Sources */,
				D8F115283049C96A00E267DE /* LaunchAgentsView.swift in Sources */,
				D8F115323049EAC000E267DE /* MalwareScannerView.swift in Sources */,
				D8F1152E3049E15500E267DE /* AppUpdaterView.swift in Sources */,
				D8F1152C3049E10100E267DE /* BatteryView.swift in Sources */,
				D8D2EF053048BF7200D45A1B /* OldFilesView.swift in Sources */,
				D8F115263049C93D00E267DE /* IOSBackupsView.swift in Sources */,
				D895AAD730493FD600298F72 /* SnapshotsView.swift in Sources */,
				D895AAD93049400700298F72 /* BrowserExtensionsView.swift in Sources */,
			);
			runOnlyForDeploymentPostprocessing = 0;
		};
/* End PBXSourcesBuildPhase section */

/* Begin XCBuildConfiguration section */
		D8D2793E304816AC00C614AE /* Debug */ = {
			isa = XCBuildConfiguration;
			buildSettings = {
				ALWAYS_SEARCH_USER_PATHS = NO;
				ASSETCATALOG_COMPILER_GENERATE_SWIFT_ASSET_SYMBOL_EXTENSIONS = YES;
				CLANG_ANALYZER_NONNULL = YES;
				CLANG_ANALYZER_NUMBER_OBJECT_CONVERSION = YES_AGGRESSIVE;
				CLANG_CXX_LANGUAGE_STANDARD = "gnu++20";
				CLANG_ENABLE_MODULES = YES;
				CLANG_ENABLE_OBJC_ARC = YES;
				CLANG_ENABLE_OBJC_WEAK = YES;
				CLANG_WARN_BLOCK_CAPTURE_AUTORELEASING = YES;
				CLANG_WARN_BOOL_CONVERSION = YES;
				CLANG_WARN_COMMA = YES;
				CLANG_WARN_CONSTANT_CONVERSION = YES;
				CLANG_WARN_DEPRECATED_OBJC_IMPLEMENTATIONS = YES;
				CLANG_WARN_DIRECT_OBJC_ISA_USAGE = YES_ERROR;
				CLANG_WARN_DOCUMENTATION_COMMENTS = YES;
				CLANG_WARN_EMPTY_BODY = YES;
				CLANG_WARN_ENUM_CONVERSION = YES;
				CLANG_WARN_INFINITE_RECURSION = YES;
				CLANG_WARN_INT_CONVERSION = YES;
				CLANG_WARN_NON_LITERAL_NULL_CONVERSION = YES;
				CLANG_WARN_OBJC_IMPLICIT_RETAIN_SELF = YES;
				CLANG_WARN_OBJC_LITERAL_CONVERSION = YES;
				CLANG_WARN_OBJC_ROOT_CLASS = YES_ERROR;
				CLANG_WARN_QUOTED_INCLUDE_IN_FRAMEWORK_HEADER = YES;
				CLANG_WARN_RANGE_LOOP_ANALYSIS = YES;
				CLANG_WARN_STRICT_PROTOTYPES = YES;
				CLANG_WARN_SUSPICIOUS_MOVE = YES;
				CLANG_WARN_UNGUARDED_AVAILABILITY = YES_AGGRESSIVE;
				CLANG_WARN_UNREACHABLE_CODE = YES;
				CLANG_WARN__DUPLICATE_METHOD_MATCH = YES;
				COPY_PHASE_STRIP = NO;
				DEBUG_INFORMATION_FORMAT = dwarf;
				DEVELOPMENT_TEAM = SM6L2XLUBA;
				ENABLE_STRICT_OBJC_MSGSEND = YES;
				ENABLE_TESTABILITY = YES;
				ENABLE_USER_SCRIPT_SANDBOXING = YES;
				GCC_C_LANGUAGE_STANDARD = gnu17;
				GCC_DYNAMIC_NO_PIC = NO;
				GCC_NO_COMMON_BLOCKS = YES;
				GCC_OPTIMIZATION_LEVEL = 0;
				GCC_PREPROCESSOR_DEFINITIONS = (
					"DEBUG=1",
					"$(inherited)",
				);
				GCC_WARN_64_TO_32_BIT_CONVERSION = YES;
				GCC_WARN_ABOUT_RETURN_TYPE = YES_ERROR;
				GCC_WARN_UNDECLARED_SELECTOR = YES;
				GCC_WARN_UNINITIALIZED_AUTOS = YES_AGGRESSIVE;
				GCC_WARN_UNUSED_FUNCTION = YES;
				GCC_WARN_UNUSED_VARIABLE = YES;
				LOCALIZATION_PREFERS_STRING_CATALOGS = YES;
				MACOSX_DEPLOYMENT_TARGET = 26.5;
				MTL_ENABLE_DEBUG_INFO = INCLUDE_SOURCE;
				MTL_FAST_MATH = YES;
				ONLY_ACTIVE_ARCH = YES;
				SDKROOT = macosx;
				SWIFT_ACTIVE_COMPILATION_CONDITIONS = "DEBUG $(inherited)";
				SWIFT_OPTIMIZATION_LEVEL = "-Onone";
			};
			name = Debug;
		};
		D8D2793F304816AC00C614AE /* Release */ = {
			isa = XCBuildConfiguration;
			buildSettings = {
				ALWAYS_SEARCH_USER_PATHS = NO;
				ASSETCATALOG_COMPILER_GENERATE_SWIFT_ASSET_SYMBOL_EXTENSIONS = YES;
				CLANG_ANALYZER_NONNULL = YES;
				CLANG_ANALYZER_NUMBER_OBJECT_CONVERSION = YES_AGGRESSIVE;
				CLANG_CXX_LANGUAGE_STANDARD = "gnu++20";
				CLANG_ENABLE_MODULES = YES;
				CLANG_ENABLE_OBJC_ARC = YES;
				CLANG_ENABLE_OBJC_WEAK = YES;
				CLANG_WARN_BLOCK_CAPTURE_AUTORELEASING = YES;
				CLANG_WARN_BOOL_CONVERSION = YES;
				CLANG_WARN_COMMA = YES;
				CLANG_WARN_CONSTANT_CONVERSION = YES;
				CLANG_WARN_DEPRECATED_OBJC_IMPLEMENTATIONS = YES;
				CLANG_WARN_DIRECT_OBJC_ISA_USAGE = YES_ERROR;
				CLANG_WARN_DOCUMENTATION_COMMENTS = YES;
				CLANG_WARN_EMPTY_BODY = YES;
				CLANG_WARN_ENUM_CONVERSION = YES;
				CLANG_WARN_INFINITE_RECURSION = YES;
				CLANG_WARN_INT_CONVERSION = YES;
				CLANG_WARN_NON_LITERAL_NULL_CONVERSION = YES;
				CLANG_WARN_OBJC_IMPLICIT_RETAIN_SELF = YES;
				CLANG_WARN_OBJC_LITERAL_CONVERSION = YES;
				CLANG_WARN_OBJC_ROOT_CLASS = YES_ERROR;
				CLANG_WARN_QUOTED_INCLUDE_IN_FRAMEWORK_HEADER = YES;
				CLANG_WARN_RANGE_LOOP_ANALYSIS = YES;
				CLANG_WARN_STRICT_PROTOTYPES = YES;
				CLANG_WARN_SUSPICIOUS_MOVE = YES;
				CLANG_WARN_UNGUARDED_AVAILABILITY = YES_AGGRESSIVE;
				CLANG_WARN_UNREACHABLE_CODE = YES;
				CLANG_WARN__DUPLICATE_METHOD_MATCH = YES;
				COPY_PHASE_STRIP = NO;
				DEBUG_INFORMATION_FORMAT = "dwarf-with-dsym";
				DEVELOPMENT_TEAM = SM6L2XLUBA;
				ENABLE_NS_ASSERTIONS = NO;
				ENABLE_STRICT_OBJC_MSGSEND = YES;
				ENABLE_USER_SCRIPT_SANDBOXING = YES;
				GCC_C_LANGUAGE_STANDARD = gnu17;
				GCC_NO_COMMON_BLOCKS = YES;
				GCC_WARN_64_TO_32_BIT_CONVERSION = YES;
				GCC_WARN_ABOUT_RETURN_TYPE = YES_ERROR;
				GCC_WARN_UNDECLARED_SELECTOR = YES;
				GCC_WARN_UNINITIALIZED_AUTOS = YES_AGGRESSIVE;
				GCC_WARN_UNUSED_FUNCTION = YES;
				GCC_WARN_UNUSED_VARIABLE = YES;
				LOCALIZATION_PREFERS_STRING_CATALOGS = YES;
				MACOSX_DEPLOYMENT_TARGET = 26.5;
				MTL_ENABLE_DEBUG_INFO = NO;
				MTL_FAST_MATH = YES;
				SDKROOT = macosx;
				SWIFT_COMPILATION_MODE = wholemodule;
			};
			name = Release;
		};
		D8D27941304816AC00C614AE /* Debug */ = {
			isa = XCBuildConfiguration;
			buildSettings = {
				ASSETCATALOG_COMPILER_APPICON_NAME = AppIcon;
				ASSETCATALOG_COMPILER_GLOBAL_ACCENT_COLOR_NAME = AccentColor;
				CODE_SIGN_STYLE = Automatic;
				COMBINE_HIDPI_IMAGES = YES;
				CURRENT_PROJECT_VERSION = 3;
				DEVELOPMENT_TEAM = SM6L2XLUBA;
				ENABLE_APP_SANDBOX = NO;
				ENABLE_HARDENED_RUNTIME = YES;
				ENABLE_PREVIEWS = YES;
				ENABLE_USER_SELECTED_FILES = readonly;
				GENERATE_INFOPLIST_FILE = YES;
				INFOPLIST_KEY_NSHumanReadableCopyright = "";
				LD_RUNPATH_SEARCH_PATHS = (
					"$(inherited)",
					"@executable_path/../Frameworks",
				);
				MARKETING_VERSION = 1.2.1;
				PRODUCT_BUNDLE_IDENTIFIER = fr.misilab.MisiClean;
				PRODUCT_NAME = "$(TARGET_NAME)";
				REGISTER_APP_GROUPS = YES;
				STRING_CATALOG_GENERATE_SYMBOLS = YES;
				SWIFT_APPROACHABLE_CONCURRENCY = YES;
				SWIFT_DEFAULT_ACTOR_ISOLATION = MainActor;
				SWIFT_EMIT_LOC_STRINGS = YES;
				SWIFT_UPCOMING_FEATURE_MEMBER_IMPORT_VISIBILITY = YES;
				SWIFT_VERSION = 5.0;
			};
			name = Debug;
		};
		D8D27942304816AC00C614AE /* Release */ = {
			isa = XCBuildConfiguration;
			buildSettings = {
				ASSETCATALOG_COMPILER_APPICON_NAME = AppIcon;
				ASSETCATALOG_COMPILER_GLOBAL_ACCENT_COLOR_NAME = AccentColor;
				CODE_SIGN_STYLE = Automatic;
				COMBINE_HIDPI_IMAGES = YES;
				CURRENT_PROJECT_VERSION = 3;
				DEVELOPMENT_TEAM = SM6L2XLUBA;
				ENABLE_APP_SANDBOX = NO;
				ENABLE_HARDENED_RUNTIME = YES;
				ENABLE_PREVIEWS = YES;
				ENABLE_USER_SELECTED_FILES = readonly;
				GENERATE_INFOPLIST_FILE = YES;
				INFOPLIST_KEY_NSHumanReadableCopyright = "";
				LD_RUNPATH_SEARCH_PATHS = (
					"$(inherited)",
					"@executable_path/../Frameworks",
				);
				MARKETING_VERSION = 1.2.1;
				PRODUCT_BUNDLE_IDENTIFIER = fr.misilab.MisiClean;
				PRODUCT_NAME = "$(TARGET_NAME)";
				REGISTER_APP_GROUPS = YES;
				STRING_CATALOG_GENERATE_SYMBOLS = YES;
				SWIFT_APPROACHABLE_CONCURRENCY = YES;
				SWIFT_DEFAULT_ACTOR_ISOLATION = MainActor;
				SWIFT_EMIT_LOC_STRINGS = YES;
				SWIFT_UPCOMING_FEATURE_MEMBER_IMPORT_VISIBILITY = YES;
				SWIFT_VERSION = 5.0;
			};
			name = Release;
		};
/* End XCBuildConfiguration section */

/* Begin XCConfigurationList section */
		D8D27930304816AC00C614AE /* Build configuration list for PBXProject "MisiClean" */ = {
			isa = XCConfigurationList;
			buildConfigurations = (
				D8D2793E304816AC00C614AE /* Debug */,
				D8D2793F304816AC00C614AE /* Release */,
			);
			defaultConfigurationIsVisible = 0;
			defaultConfigurationName = Release;
		};
		D8D27940304816AC00C614AE /* Build configuration list for PBXNativeTarget "MisiClean" */ = {
			isa = XCConfigurationList;
			buildConfigurations = (
				D8D27941304816AC00C614AE /* Debug */,
				D8D27942304816AC00C614AE /* Release */,
			);
			defaultConfigurationIsVisible = 0;
			defaultConfigurationName = Release;
		};
/* End XCConfigurationList section */
	};
	rootObject = D8D2792D304816AC00C614AE /* Project object */;
}
